
Microsoft Visual Studio Solution File, Format Version 12.00
# Visual Studio Version 17
VisualStudioVersion = 17.7.34031.279
MinimumVisualStudioVersion = 10.0.40219.1
Project("{9A19103F-16F7-4668-BE54-9A1E7A4F7556}") = "DataModel", "DataModel\DataModel.csproj", "{F61AB2C9-70BD-4154-9477-23DF7FCB845C}"
EndProject
Project("{9A19103F-16F7-4668-BE54-9A1E7A4F7556}") = "DataAccessLayer", "DataAccess\DataAccessLayer.csproj", "{0319E8B5-8048-4307-BA52-9AC1D44923D5}"
EndProject
Project("{9A19103F-16F7-4668-BE54-9A1E7A4F7556}") = "BusinessLogicLayer", "BusinessLogic\BusinessLogicLayer.csproj", "{69E4C95E-4DE0-4788-B634-F87A46FDD179}"
EndProject
Project("{9A19103F-16F7-4668-BE54-9A1E7A4F7556}") = "AdminWebHoaQua", "AdminWebHoaQua\AdminWebHoaQua.csproj", "{A7DB826E-DAD4-4931-BA3F-16C087526CB5}"
EndProject
Global
	GlobalSection(SolutionConfigurationPlatforms) = preSolution
		Debug|Any CPU = Debug|Any CPU
		Release|Any CPU = Release|Any CPU
	EndGlobalSection
	GlobalSection(ProjectConfigurationPlatforms) = postSolution
		{F61AB2C9-70BD-4154-9477-23DF7FCB845C}.Debug|Any CPU.ActiveCfg = Debug|Any CPU
		{F61AB2C9-70BD-4154-9477-23DF7FCB845C}.Debug|Any CPU.Build.0 = Debug|Any CPU
		{F61AB2C9-70BD-4154-9477-23DF7FCB845C}.Release|Any CPU.ActiveCfg = Release|Any CPU
		{F61AB2C9-70BD-4154-9477-23DF7FCB845C}.Release|Any CPU.Build.0 = Release|Any CPU
		{0319E8B5-8048-4307-BA52-9AC1D44923D5}.Debug|Any CPU.ActiveCfg = Debug|Any CPU
		{0319E8B5-8048-4307-BA52-9AC1D44923D5}.Debug|Any CPU.Build.0 = Debug|Any CPU
		{0319E8B5-8048-4307-BA52-9AC1D44923D5}.Release|Any CPU.ActiveCfg = Release|Any CPU
		{0319E8B5-8048-4307-BA52-9AC1D44923D5}.Release|Any CPU.Build.0 = Release|Any CPU
		{69E4C95E-4DE0-4788-B634-F87A46FDD179}.Debug|Any CPU.ActiveCfg = Debug|Any CPU
		{69E4C95E-4DE0-4788-B634-F87A46FDD179}.Debug|Any CPU.Build.0 = Debug|Any CPU
		{69E4C95E-4DE0-4788-B634-F87A46FDD179}.Release|Any CPU.ActiveCfg = Release|Any CPU
		{69E4C95E-4DE0-4788-B634-F87A46FDD179}.Release|Any CPU.Build.0 = Release|Any CPU
		{A7DB826E-DAD4-4931-BA3F-16C087526CB5}.Debug|Any CPU.ActiveCfg = Debug|Any CPU
		{A7DB826E-DAD4-4931-BA3F-16C087526CB5}.Debug|Any CPU.Build.0 = Debug|Any CPU
		{A7DB826E-DAD4-4931-BA3F-16C087526CB5}.Release|Any CPU.ActiveCfg = Release|Any CPU
		{A7DB826E-DAD4-4931-BA3F-16C087526CB5}.Release|Any CPU.Build.0 = Release|Any CPU
	EndGlobalSection
	GlobalSection(SolutionProperties) = preSolution
		HideSolutionNode = FALSE
	EndGlobalSection
	GlobalSection(ExtensibilityGlobals) = postSolution
		SolutionGuid = {AA74F96A-E5C3-4CA3-83B1-011E4400E670}
	EndGlobalSection
EndGlobal
